// !$*UTF8*$!
{
	archiveVersion = 1;
	classes = {
	};
	objectVersion = 46;
	objects = {

/* Begin PBXBuildFile section */
		16D148F8154F3B8200E6CD6A /* libsqlite3.dylib in Frameworks */ = {isa = PBXBuildFile; fileRef = 16D148F7154F3B8200E6CD6A /* libsqlite3.dylib */; };
		16FFB20B154F18AF00C4B988 /* UIKit.framework in Frameworks */ = {isa = PBXBuildFile; fileRef = 16FFB20A154F18AF00C4B988 /* UIKit.framework */; };
		16FFB20D154F18AF00C4B988 /* Foundation.framework in Frameworks */ = {isa = PBXBuildFile; fileRef = 16FFB20C154F18AF00C4B988 /* Foundation.framework */; };
		16FFB20F154F18AF00C4B988 /* CoreGraphics.framework in Frameworks */ = {isa = PBXBuildFile; fileRef = 16FFB20E154F18AF00C4B988 /* CoreGraphics.framework */; };
		16FFB256154F18E100C4B988 /* StatisticsDialogController.m in Sources */ = {isa = PBXBuildFile; fileRef = 16FFB239154F18E100C4B988 /* StatisticsDialogController.m */; };
		16FFB258154F18E100C4B988 /* WinDialogController.m in Sources */ = {isa = PBXBuildFile; fileRef = 16FFB23D154F18E100C4B988 /* WinDialogController.m */; };
		16FFB25A154F18E100C4B988 /* Logic.m in Sources */ = {isa = PBXBuildFile; fileRef = 16FFB242154F18E100C4B988 /* Logic.m */; };
		16FFB25B154F18E100C4B988 /* Usage.m in Sources */ = {isa = PBXBuildFile; fileRef = 16FFB244154F18E100C4B988 /* Usage.m */; };
		16FFB25C154F18E100C4B988 /* main.m in Sources */ = {isa = PBXBuildFile; fileRef = 16FFB245154F18E100C4B988 /* main.m */; };
		16FFB25D154F18E100C4B988 /* FacebookService.m in Sources */ = {isa = PBXBuildFile; fileRef = 16FFB248154F18E100C4B988 /* FacebookService.m */; };
		16FFB25E154F18E100C4B988 /* SoundsService.m in Sources */ = {isa = PBXBuildFile; fileRef = 16FFB24A154F18E100C4B988 /* SoundsService.m */; };
		16FFB25F154F18E100C4B988 /* StatisticsDataService.m in Sources */ = {isa = PBXBuildFile; fileRef = 16FFB24C154F18E100C4B988 /* StatisticsDataService.m */; };
		16FFB41B154F196400C4B988 /* Facebook.m in Sources */ = {isa = PBXBuildFile; fileRef = 16FFB416154F196400C4B988 /* Facebook.m */; };
		16FFB41C154F196400C4B988 /* FBDialog.m in Sources */ = {isa = PBXBuildFile; fileRef = 16FFB417154F196400C4B988 /* FBDialog.m */; };
		16FFB41D154F196400C4B988 /* FBLoginButton.m in Sources */ = {isa = PBXBuildFile; fileRef = 16FFB418154F196400C4B988 /* FBLoginButton.m */; };
		16FFB41E154F196400C4B988 /* FBLoginDialog.m in Sources */ = {isa = PBXBuildFile; fileRef = 16FFB419154F196400C4B988 /* FBLoginDialog.m */; };
		16FFB41F154F196400C4B988 /* FBRequest.m in Sources */ = {isa = PBXBuildFile; fileRef = 16FFB41A154F196400C4B988 /* FBRequest.m */; };
		16FFB422154F19C500C4B988 /* AudioToolbox.framework in Frameworks */ = {isa = PBXBuildFile; fileRef = 16FFB420154F19C500C4B988 /* AudioToolbox.framework */; };
		16FFB423154F19C500C4B988 /* AVFoundation.framework in Frameworks */ = {isa = PBXBuildFile; fileRef = 16FFB421154F19C500C4B988 /* AVFoundation.framework */; };
		16FFB424154F1A7700C4B988 /* background.png in Resources */ = {isa = PBXBuildFile; fileRef = 16FFB262154F190900C4B988 /* background.png */; };
		16FFB4DA154F1B3200C4B988 /* config_other.plist in Resources */ = {isa = PBXBuildFile; fileRef = 16FFB322154F190900C4B988 /* config_other.plist */; };
		16FFB4DB154F1B3200C4B988 /* slot_map.plist in Resources */ = {isa = PBXBuildFile; fileRef = 16FFB323154F190900C4B988 /* slot_map.plist */; };
		16FFB4DC154F1B3200C4B988 /* Settings.bundle in Resources */ = {isa = PBXBuildFile; fileRef = 16FFB324154F190900C4B988 /* Settings.bundle */; };
		16FFB4DD154F1B6300C4B988 /* correct_card.caf in Resources */ = {isa = PBXBuildFile; fileRef = 16FFB326154F190900C4B988 /* correct_card.caf */; };
		16FFB4DE154F1B6300C4B988 /* looser.caf in Resources */ = {isa = PBXBuildFile; fileRef = 16FFB327154F190900C4B988 /* looser.caf */; };
		16FFB4DF154F1B6300C4B988 /* winner.caf in Resources */ = {isa = PBXBuildFile; fileRef = 16FFB328154F190900C4B988 /* winner.caf */; };
		16FFB4E0154F1B6300C4B988 /* wrong_card.caf in Resources */ = {isa = PBXBuildFile; fileRef = 16FFB329154F190900C4B988 /* wrong_card.caf */; };
		16FFB4E4154F1BEE00C4B988 /* MainWindow.xib in Resources */ = {isa = PBXBuildFile; fileRef = 16FFB32E154F190900C4B988 /* MainWindow.xib */; };
		16FFB4E6154F1BEE00C4B988 /* StatisticsDialog.xib in Resources */ = {isa = PBXBuildFile; fileRef = 16FFB330154F190900C4B988 /* StatisticsDialog.xib */; };
		16FFB4E8154F1BEE00C4B988 /* WinDialog.xib in Resources */ = {isa = PBXBuildFile; fileRef = 16FFB332154F190900C4B988 /* WinDialog.xib */; };
		B32CAC90160B54DE00EBD047 /* FBLikeButton.m in Sources */ = {isa = PBXBuildFile; fileRef = B32CAC8F160B54DE00EBD047 /* FBLikeButton.m */; };
		B32CAC93160B550100EBD047 /* FBConnect.bundle in Resources */ = {isa = PBXBuildFile; fileRef = B32CAC91160B550100EBD047 /* FBConnect.bundle */; };
		B32CAC94160B550100EBD047 /* FBDialog.bundle in Resources */ = {isa = PBXBuildFile; fileRef = B32CAC92160B550100EBD047 /* FBDialog.bundle */; };
		B3BA098A160B6C49002DA200 /* TOPFansAppDelegate.m in Sources */ = {isa = PBXBuildFile; fileRef = B3BA0989160B6C49002DA200 /* TOPFansAppDelegate.m */; };
		B3EA9A5E160B6B0500806B29 /* NSObject+SBJSON.m in Sources */ = {isa = PBXBuildFile; fileRef = B3EA9A53160B6B0500806B29 /* NSObject+SBJSON.m */; };
		B3EA9A5F160B6B0500806B29 /* NSString+SBJSON.m in Sources */ = {isa = PBXBuildFile; fileRef = B3EA9A55160B6B0500806B29 /* NSString+SBJSON.m */; };
		B3EA9A60160B6B0500806B29 /* SBJSON.m in Sources */ = {isa = PBXBuildFile; fileRef = B3EA9A57160B6B0500806B29 /* SBJSON.m */; };
		B3EA9A61160B6B0500806B29 /* SBJsonBase.m in Sources */ = {isa = PBXBuildFile; fileRef = B3EA9A59160B6B0500806B29 /* SBJsonBase.m */; };
		B3EA9A62160B6B0500806B29 /* SBJsonParser.m in Sources */ = {isa = PBXBuildFile; fileRef = B3EA9A5B160B6B0500806B29 /* SBJsonParser.m */; };
		B3EA9A63160B6B0500806B29 /* SBJsonWriter.m in Sources */ = {isa = PBXBuildFile; fileRef = B3EA9A5D160B6B0500806B29 /* SBJsonWriter.m */; };
/* End PBXBuildFile section */

/* Begin PBXFileReference section */
		16D148F7154F3B8200E6CD6A /* libsqlite3.dylib */ = {isa = PBXFileReference; lastKnownFileType = "compiled.mach-o.dylib"; name = libsqlite3.dylib; path = usr/lib/libsqlite3.dylib; sourceTree = SDKROOT; };
		16FFB206154F18AF00C4B988 /* TOPFans.app */ = {isa = PBXFileReference; explicitFileType = wrapper.application; includeInIndex = 0; path = TOPFans.app; sourceTree = BUILT_PRODUCTS_DIR; };
		16FFB20A154F18AF00C4B988 /* UIKit.framework */ = {isa = PBXFileReference; lastKnownFileType = wrapper.framework; name = UIKit.framework; path = System/Library/Frameworks/UIKit.framework; sourceTree = SDKROOT; };
		16FFB20C154F18AF00C4B988 /* Foundation.framework */ = {isa = PBXFileReference; lastKnownFileType = wrapper.framework; name = Foundation.framework; path = System/Library/Frameworks/Foundation.framework; sourceTree = SDKROOT; };
		16FFB20E154F18AF00C4B988 /* CoreGraphics.framework */ = {isa = PBXFileReference; lastKnownFileType = wrapper.framework; name = CoreGraphics.framework; path = System/Library/Frameworks/CoreGraphics.framework; sourceTree = SDKROOT; };
		16FFB228154F18E100C4B988 /* Config.h */ = {isa = PBXFileReference; fileEncoding = 4; lastKnownFileType = sourcecode.c.h; path = Config.h; sourceTree = "<group>"; };
		16FFB238154F18E100C4B988 /* StatisticsDialogController.h */ = {isa = PBXFileReference; fileEncoding = 4; lastKnownFileType = sourcecode.c.h; path = StatisticsDialogController.h; sourceTree = "<group>"; };
		16FFB239154F18E100C4B988 /* StatisticsDialogController.m */ = {isa = PBXFileReference; fileEncoding = 4; lastKnownFileType = sourcecode.c.objc; path = StatisticsDialogController.m; sourceTree = "<group>"; };
		16FFB23C154F18E100C4B988 /* WinDialogController.h */ = {isa = PBXFileReference; fileEncoding = 4; lastKnownFileType = sourcecode.c.h; path = WinDialogController.h; sourceTree = "<group>"; };
		16FFB23D154F18E100C4B988 /* WinDialogController.m */ = {isa = PBXFileReference; fileEncoding = 4; lastKnownFileType = sourcecode.c.objc; path = WinDialogController.m; sourceTree = "<group>"; };
		16FFB241154F18E100C4B988 /* Logic.h */ = {isa = PBXFileReference; fileEncoding = 4; lastKnownFileType = sourcecode.c.h; path = Logic.h; sourceTree = "<group>"; };
		16FFB242154F18E100C4B988 /* Logic.m */ = {isa = PBXFileReference; fileEncoding = 4; lastKnownFileType = sourcecode.c.objc; path = Logic.m; sourceTree = "<group>"; };
		16FFB243154F18E100C4B988 /* Usage.h */ = {isa = PBXFileReference; fileEncoding = 4; lastKnownFileType = sourcecode.c.h; path = Usage.h; sourceTree = "<group>"; };
		16FFB244154F18E100C4B988 /* Usage.m */ = {isa = PBXFileReference; fileEncoding = 4; lastKnownFileType = sourcecode.c.objc; path = Usage.m; sourceTree = "<group>"; };
		16FFB245154F18E100C4B988 /* main.m */ = {isa = PBXFileReference; fileEncoding = 4; lastKnownFileType = sourcecode.c.objc; path = main.m; sourceTree = "<group>"; };
		16FFB247154F18E100C4B988 /* FacebookService.h */ = {isa = PBXFileReference; fileEncoding = 4; lastKnownFileType = sourcecode.c.h; path = FacebookService.h; sourceTree = "<group>"; };
		16FFB248154F18E100C4B988 /* FacebookService.m */ = {isa = PBXFileReference; fileEncoding = 4; lastKnownFileType = sourcecode.c.objc; path = FacebookService.m; sourceTree = "<group>"; };
		16FFB249154F18E100C4B988 /* SoundsService.h */ = {isa = PBXFileReference; fileEncoding = 4; lastKnownFileType = sourcecode.c.h; path = SoundsService.h; sourceTree = "<group>"; };
		16FFB24A154F18E100C4B988 /* SoundsService.m */ = {isa = PBXFileReference; fileEncoding = 4; lastKnownFileType = sourcecode.c.objc; path = SoundsService.m; sourceTree = "<group>"; };
		16FFB24B154F18E100C4B988 /* StatisticsDataService.h */ = {isa = PBXFileReference; fileEncoding = 4; lastKnownFileType = sourcecode.c.h; path = StatisticsDataService.h; sourceTree = "<group>"; };
		16FFB24C154F18E100C4B988 /* StatisticsDataService.m */ = {isa = PBXFileReference; fileEncoding = 4; lastKnownFileType = sourcecode.c.objc; path = StatisticsDataService.m; sourceTree = "<group>"; };
		16FFB262154F190900C4B988 /* background.png */ = {isa = PBXFileReference; lastKnownFileType = image.png; path = background.png; sourceTree = "<group>"; };
		16FFB31D154F190900C4B988 /* BNBFeicobol-Info.plist */ = {isa = PBXFileReference; fileEncoding = 4; lastKnownFileType = text.plist.xml; path = "BNBFeicobol-Info.plist"; sourceTree = "<group>"; };
		16FFB322154F190900C4B988 /* config_other.plist */ = {isa = PBXFileReference; fileEncoding = 4; lastKnownFileType = text.plist.xml; path = config_other.plist; sourceTree = "<group>"; };
		16FFB323154F190900C4B988 /* slot_map.plist */ = {isa = PBXFileReference; fileEncoding = 4; lastKnownFileType = text.plist.xml; path = slot_map.plist; sourceTree = "<group>"; };
		16FFB324154F190900C4B988 /* Settings.bundle */ = {isa = PBXFileReference; lastKnownFileType = "wrapper.plug-in"; path = Settings.bundle; sourceTree = "<group>"; };
		16FFB326154F190900C4B988 /* correct_card.caf */ = {isa = PBXFileReference; lastKnownFileType = file; path = correct_card.caf; sourceTree = "<group>"; };
		16FFB327154F190900C4B988 /* looser.caf */ = {isa = PBXFileReference; lastKnownFileType = file; path = looser.caf; sourceTree = "<group>"; };
		16FFB328154F190900C4B988 /* winner.caf */ = {isa = PBXFileReference; lastKnownFileType = file; path = winner.caf; sourceTree = "<group>"; };
		16FFB329154F190900C4B988 /* wrong_card.caf */ = {isa = PBXFileReference; lastKnownFileType = file; path = wrong_card.caf; sourceTree = "<group>"; };
		16FFB32E154F190900C4B988 /* MainWindow.xib */ = {isa = PBXFileReference; fileEncoding = 4; lastKnownFileType = file.xib; path = MainWindow.xib; sourceTree = "<group>"; };
		16FFB330154F190900C4B988 /* StatisticsDialog.xib */ = {isa = PBXFileReference; fileEncoding = 4; lastKnownFileType = file.xib; path = StatisticsDialog.xib; sourceTree = "<group>"; };
		16FFB332154F190900C4B988 /* WinDialog.xib */ = {isa = PBXFileReference; fileEncoding = 4; lastKnownFileType = file.xib; path = WinDialog.xib; sourceTree = "<group>"; };
		16FFB40F154F196400C4B988 /* Facebook.h */ = {isa = PBXFileReference; fileEncoding = 4; lastKnownFileType = sourcecode.c.h; path = Facebook.h; sourceTree = "<group>"; };
		16FFB410154F196400C4B988 /* FBConnect.h */ = {isa = PBXFileReference; fileEncoding = 4; lastKnownFileType = sourcecode.c.h; path = FBConnect.h; sourceTree = "<group>"; };
		16FFB411154F196400C4B988 /* FBDialog.h */ = {isa = PBXFileReference; fileEncoding = 4; lastKnownFileType = sourcecode.c.h; path = FBDialog.h; sourceTree = "<group>"; };
		16FFB412154F196400C4B988 /* FBLoginButton.h */ = {isa = PBXFileReference; fileEncoding = 4; lastKnownFileType = sourcecode.c.h; path = FBLoginButton.h; sourceTree = "<group>"; };
		16FFB413154F196400C4B988 /* FBLoginDialog.h */ = {isa = PBXFileReference; fileEncoding = 4; lastKnownFileType = sourcecode.c.h; path = FBLoginDialog.h; sourceTree = "<group>"; };
		16FFB414154F196400C4B988 /* FBRequest.h */ = {isa = PBXFileReference; fileEncoding = 4; lastKnownFileType = sourcecode.c.h; path = FBRequest.h; sourceTree = "<group>"; };
		16FFB415154F196400C4B988 /* Prefix.h */ = {isa = PBXFileReference; fileEncoding = 4; lastKnownFileType = sourcecode.c.h; path = Prefix.h; sourceTree = "<group>"; };
		16FFB416154F196400C4B988 /* Facebook.m */ = {isa = PBXFileReference; fileEncoding = 4; lastKnownFileType = sourcecode.c.objc; path = Facebook.m; sourceTree = "<group>"; };
		16FFB417154F196400C4B988 /* FBDialog.m */ = {isa = PBXFileReference; fileEncoding = 4; lastKnownFileType = sourcecode.c.objc; path = FBDialog.m; sourceTree = "<group>"; };
		16FFB418154F196400C4B988 /* FBLoginButton.m */ = {isa = PBXFileReference; fileEncoding = 4; lastKnownFileType = sourcecode.c.objc; path = FBLoginButton.m; sourceTree = "<group>"; };
		16FFB419154F196400C4B988 /* FBLoginDialog.m */ = {isa = PBXFileReference; fileEncoding = 4; lastKnownFileType = sourcecode.c.objc; path = FBLoginDialog.m; sourceTree = "<group>"; };
		16FFB41A154F196400C4B988 /* FBRequest.m */ = {isa = PBXFileReference; fileEncoding = 4; lastKnownFileType = sourcecode.c.objc; path = FBRequest.m; sourceTree = "<group>"; };
		16FFB420154F19C500C4B988 /* AudioToolbox.framework */ = {isa = PBXFileReference; lastKnownFileType = wrapper.framework; name = AudioToolbox.framework; path = System/Library/Frameworks/AudioToolbox.framework; sourceTree = SDKROOT; };
		16FFB421154F19C500C4B988 /* AVFoundation.framework */ = {isa = PBXFileReference; lastKnownFileType = wrapper.framework; name = AVFoundation.framework; path = System/Library/Frameworks/AVFoundation.framework; sourceTree = SDKROOT; };
		B32CAC8E160B54DE00EBD047 /* FBLikeButton.h */ = {isa = PBXFileReference; fileEncoding = 4; lastKnownFileType = sourcecode.c.h; path = FBLikeButton.h; sourceTree = "<group>"; };
		B32CAC8F160B54DE00EBD047 /* FBLikeButton.m */ = {isa = PBXFileReference; fileEncoding = 4; lastKnownFileType = sourcecode.c.objc; path = FBLikeButton.m; sourceTree = "<group>"; };
		B32CAC91160B550100EBD047 /* FBConnect.bundle */ = {isa = PBXFileReference; lastKnownFileType = "wrapper.plug-in"; path = FBConnect.bundle; sourceTree = "<group>"; };
		B32CAC92160B550100EBD047 /* FBDialog.bundle */ = {isa = PBXFileReference; lastKnownFileType = "wrapper.plug-in"; path = FBDialog.bundle; sourceTree = "<group>"; };
		B3BA0987160B6C49002DA200 /* TOPFans_Prefix.pch */ = {isa = PBXFileReference; fileEncoding = 4; lastKnownFileType = sourcecode.c.h; path = TOPFans_Prefix.pch; sourceTree = "<group>"; };
		B3BA0988160B6C49002DA200 /* TOPFansAppDelegate.h */ = {isa = PBXFileReference; fileEncoding = 4; lastKnownFileType = sourcecode.c.h; path = TOPFansAppDelegate.h; sourceTree = "<group>"; };
		B3BA0989160B6C49002DA200 /* TOPFansAppDelegate.m */ = {isa = PBXFileReference; fileEncoding = 4; lastKnownFileType = sourcecode.c.objc; path = TOPFansAppDelegate.m; sourceTree = "<group>"; };
		B3EA9A51160B6B0500806B29 /* JSON.h */ = {isa = PBXFileReference; fileEncoding = 4; lastKnownFileType = sourcecode.c.h; path = JSON.h; sourceTree = "<group>"; };
		B3EA9A52160B6B0500806B29 /* NSObject+SBJSON.h */ = {isa = PBXFileReference; fileEncoding = 4; lastKnownFileType = sourcecode.c.h; path = "NSObject+SBJSON.h"; sourceTree = "<group>"; };
		B3EA9A53160B6B0500806B29 /* NSObject+SBJSON.m */ = {isa = PBXFileReference; fileEncoding = 4; lastKnownFileType = sourcecode.c.objc; path = "NSObject+SBJSON.m"; sourceTree = "<group>"; };
		B3EA9A54160B6B0500806B29 /* NSString+SBJSON.h */ = {isa = PBXFileReference; fileEncoding = 4; lastKnownFileType = sourcecode.c.h; path = "NSString+SBJSON.h"; sourceTree = "<group>"; };
		B3EA9A55160B6B0500806B29 /* NSString+SBJSON.m */ = {isa = PBXFileReference; fileEncoding = 4; lastKnownFileType = sourcecode.c.objc; path = "NSString+SBJSON.m"; sourceTree = "<group>"; };
		B3EA9A56160B6B0500806B29 /* SBJSON.h */ = {isa = PBXFileReference; fileEncoding = 4; lastKnownFileType = sourcecode.c.h; path = SBJSON.h; sourceTree = "<group>"; };
		B3EA9A57160B6B0500806B29 /* SBJSON.m */ = {isa = PBXFileReference; fileEncoding = 4; lastKnownFileType = sourcecode.c.objc; path = SBJSON.m; sourceTree = "<group>"; };
		B3EA9A58160B6B0500806B29 /* SBJsonBase.h */ = {isa = PBXFileReference; fileEncoding = 4; lastKnownFileType = sourcecode.c.h; path = SBJsonBase.h; sourceTree = "<group>"; };
		B3EA9A59160B6B0500806B29 /* SBJsonBase.m */ = {isa = PBXFileReference; fileEncoding = 4; lastKnownFileType = sourcecode.c.objc; path = SBJsonBase.m; sourceTree = "<group>"; };
		B3EA9A5A160B6B0500806B29 /* SBJsonParser.h */ = {isa = PBXFileReference; fileEncoding = 4; lastKnownFileType = sourcecode.c.h; path = SBJsonParser.h; sourceTree = "<group>"; };
		B3EA9A5B160B6B0500806B29 /* SBJsonParser.m */ = {isa = PBXFileReference; fileEncoding = 4; lastKnownFileType = sourcecode.c.objc; path = SBJsonParser.m; sourceTree = "<group>"; };
		B3EA9A5C160B6B0500806B29 /* SBJsonWriter.h */ = {isa = PBXFileReference; fileEncoding = 4; lastKnownFileType = sourcecode.c.h; path = SBJsonWriter.h; sourceTree = "<group>"; };
		B3EA9A5D160B6B0500806B29 /* SBJsonWriter.m */ = {isa = PBXFileReference; fileEncoding = 4; lastKnownFileType = sourcecode.c.objc; path = SBJsonWriter.m; sourceTree = "<group>"; };
/* End PBXFileReference section */

/* Begin PBXFrameworksBuildPhase section */
		16FFB203154F18AF00C4B988 /* Frameworks */ = {
			isa = PBXFrameworksBuildPhase;
			buildActionMask = 2147483647;
			files = (
				16FFB20B154F18AF00C4B988 /* UIKit.framework in Frameworks */,
				16FFB20D154F18AF00C4B988 /* Foundation.framework in Frameworks */,
				16FFB20F154F18AF00C4B988 /* CoreGraphics.framework in Frameworks */,
				16FFB422154F19C500C4B988 /* AudioToolbox.framework in Frameworks */,
				16FFB423154F19C500C4B988 /* AVFoundation.framework in Frameworks */,
				16D148F8154F3B8200E6CD6A /* libsqlite3.dylib in Frameworks */,
			);
			runOnlyForDeploymentPostprocessing = 0;
		};
/* End PBXFrameworksBuildPhase section */

/* Begin PBXGroup section */
		16FFB1FB154F18AF00C4B988 = {
			isa = PBXGroup;
			children = (
				16FFB221154F18C600C4B988 /* Source */,
				16FFB260154F18F000C4B988 /* Resources */,
				16FFB3F8154F191F00C4B988 /* Library */,
				16FFB207154F18AF00C4B988 /* Products */,
			);
			sourceTree = "<group>";
		};
		16FFB207154F18AF00C4B988 /* Products */ = {
			isa = PBXGroup;
			children = (
				16FFB206154F18AF00C4B988 /* TOPFans.app */,
			);
			name = Products;
			sourceTree = "<group>";
		};
		16FFB209154F18AF00C4B988 /* Frameworks */ = {
			isa = PBXGroup;
			children = (
				16D148F7154F3B8200E6CD6A /* libsqlite3.dylib */,
				16FFB420154F19C500C4B988 /* AudioToolbox.framework */,
				16FFB421154F19C500C4B988 /* AVFoundation.framework */,
				16FFB20A154F18AF00C4B988 /* UIKit.framework */,
				16FFB20C154F18AF00C4B988 /* Foundation.framework */,
				16FFB20E154F18AF00C4B988 /* CoreGraphics.framework */,
			);
			name = Frameworks;
			sourceTree = "<group>";
		};
		16FFB221154F18C600C4B988 /* Source */ = {
			isa = PBXGroup;
			children = (
				16FFB245154F18E100C4B988 /* main.m */,
				B3BA0987160B6C49002DA200 /* TOPFans_Prefix.pch */,
				B3BA0988160B6C49002DA200 /* TOPFansAppDelegate.h */,
				B3BA0989160B6C49002DA200 /* TOPFansAppDelegate.m */,
				16FFB225154F18E100C4B988 /* Config */,
				16FFB22B154F18E100C4B988 /* Controllers */,
				16FFB23E154F18E100C4B988 /* Logic */,
				16FFB246154F18E100C4B988 /* Services */,
			);
			name = Source;
			sourceTree = "<group>";
		};
		16FFB225154F18E100C4B988 /* Config */ = {
			isa = PBXGroup;
			children = (
				16FFB228154F18E100C4B988 /* Config.h */,
			);
			path = Config;
			sourceTree = "<group>";
		};
		16FFB22B154F18E100C4B988 /* Controllers */ = {
			isa = PBXGroup;
			children = (
				16FFB238154F18E100C4B988 /* StatisticsDialogController.h */,
				16FFB239154F18E100C4B988 /* StatisticsDialogController.m */,
				16FFB23C154F18E100C4B988 /* WinDialogController.h */,
				16FFB23D154F18E100C4B988 /* WinDialogController.m */,
			);
			path = Controllers;
			sourceTree = "<group>";
		};
		16FFB23E154F18E100C4B988 /* Logic */ = {
			isa = PBXGroup;
			children = (
				16FFB241154F18E100C4B988 /* Logic.h */,
				16FFB242154F18E100C4B988 /* Logic.m */,
				16FFB243154F18E100C4B988 /* Usage.h */,
				16FFB244154F18E100C4B988 /* Usage.m */,
			);
			path = Logic;
			sourceTree = "<group>";
		};
		16FFB246154F18E100C4B988 /* Services */ = {
			isa = PBXGroup;
			children = (
				16FFB247154F18E100C4B988 /* FacebookService.h */,
				16FFB248154F18E100C4B988 /* FacebookService.m */,
				16FFB249154F18E100C4B988 /* SoundsService.h */,
				16FFB24A154F18E100C4B988 /* SoundsService.m */,
				16FFB24B154F18E100C4B988 /* StatisticsDataService.h */,
				16FFB24C154F18E100C4B988 /* StatisticsDataService.m */,
			);
			path = Services;
			sourceTree = "<group>";
		};
		16FFB260154F18F000C4B988 /* Resources */ = {
			isa = PBXGroup;
			children = (
				16FFB261154F190900C4B988 /* Images */,
				16FFB31C154F190900C4B988 /* PLists */,
				16FFB324154F190900C4B988 /* Settings.bundle */,
				16FFB325154F190900C4B988 /* Sounds */,
				16FFB32A154F190900C4B988 /* Views */,
			);
			name = Resources;
			sourceTree = "<group>";
		};
		16FFB261154F190900C4B988 /* Images */ = {
			isa = PBXGroup;
			children = (
				16FFB262154F190900C4B988 /* background.png */,
			);
			path = Images;
			sourceTree = "<group>";
		};
		16FFB31C154F190900C4B988 /* PLists */ = {
			isa = PBXGroup;
			children = (
				16FFB31D154F190900C4B988 /* BNBFeicobol-Info.plist */,
				16FFB322154F190900C4B988 /* config_other.plist */,
				16FFB323154F190900C4B988 /* slot_map.plist */,
			);
			path = PLists;
			sourceTree = "<group>";
		};
		16FFB325154F190900C4B988 /* Sounds */ = {
			isa = PBXGroup;
			children = (
				16FFB326154F190900C4B988 /* correct_card.caf */,
				16FFB327154F190900C4B988 /* looser.caf */,
				16FFB328154F190900C4B988 /* winner.caf */,
				16FFB329154F190900C4B988 /* wrong_card.caf */,
			);
			path = Sounds;
			sourceTree = "<group>";
		};
		16FFB32A154F190900C4B988 /* Views */ = {
			isa = PBXGroup;
			children = (
				16FFB32E154F190900C4B988 /* MainWindow.xib */,
				16FFB330154F190900C4B988 /* StatisticsDialog.xib */,
				16FFB332154F190900C4B988 /* WinDialog.xib */,
			);
			path = Views;
			sourceTree = "<group>";
		};
		16FFB3F8154F191F00C4B988 /* Library */ = {
			isa = PBXGroup;
			children = (
				16FFB3F9154F192800C4B988 /* External */,
				16FFB209154F18AF00C4B988 /* Frameworks */,
			);
			name = Library;
			sourceTree = "<group>";
		};
		16FFB3F9154F192800C4B988 /* External */ = {
			isa = PBXGroup;
			children = (
				B312B8BB160B6F9B0026F633 /* JSON */,
				16FFB40E154F195600C4B988 /* Facebook */,
			);
			name = External;
			sourceTree = "<group>";
		};
		16FFB40E154F195600C4B988 /* Facebook */ = {
			isa = PBXGroup;
			children = (
				B32CAC91160B550100EBD047 /* FBConnect.bundle */,
				B32CAC92160B550100EBD047 /* FBDialog.bundle */,
				B32CAC8E160B54DE00EBD047 /* FBLikeButton.h */,
				B32CAC8F160B54DE00EBD047 /* FBLikeButton.m */,
				16FFB40F154F196400C4B988 /* Facebook.h */,
				16FFB410154F196400C4B988 /* FBConnect.h */,
				16FFB411154F196400C4B988 /* FBDialog.h */,
				16FFB412154F196400C4B988 /* FBLoginButton.h */,
				16FFB413154F196400C4B988 /* FBLoginDialog.h */,
				16FFB414154F196400C4B988 /* FBRequest.h */,
				16FFB416154F196400C4B988 /* Facebook.m */,
				16FFB417154F196400C4B988 /* FBDialog.m */,
				16FFB418154F196400C4B988 /* FBLoginButton.m */,
				16FFB419154F196400C4B988 /* FBLoginDialog.m */,
				16FFB41A154F196400C4B988 /* FBRequest.m */,
			);
			name = Facebook;
			sourceTree = "<group>";
		};
		B312B8BB160B6F9B0026F633 /* JSON */ = {
			isa = PBXGroup;
			children = (
				B3EA9A51160B6B0500806B29 /* JSON.h */,
				B3EA9A52160B6B0500806B29 /* NSObject+SBJSON.h */,
				B3EA9A53160B6B0500806B29 /* NSObject+SBJSON.m */,
				B3EA9A54160B6B0500806B29 /* NSString+SBJSON.h */,
				B3EA9A55160B6B0500806B29 /* NSString+SBJSON.m */,
				B3EA9A56160B6B0500806B29 /* SBJSON.h */,
				B3EA9A57160B6B0500806B29 /* SBJSON.m */,
				B3EA9A58160B6B0500806B29 /* SBJsonBase.h */,
				B3EA9A59160B6B0500806B29 /* SBJsonBase.m */,
				B3EA9A5A160B6B0500806B29 /* SBJsonParser.h */,
				B3EA9A5B160B6B0500806B29 /* SBJsonParser.m */,
				B3EA9A5C160B6B0500806B29 /* SBJsonWriter.h */,
				B3EA9A5D160B6B0500806B29 /* SBJsonWriter.m */,
				16FFB415154F196400C4B988 /* Prefix.h */,
			);
			name = JSON;
			sourceTree = "<group>";
		};
/* End PBXGroup section */

/* Begin PBXNativeTarget section */
		16FFB205154F18AF00C4B988 /* TOPFans */ = {
			isa = PBXNativeTarget;
			buildConfigurationList = 16FFB21E154F18AF00C4B988 /* Build configuration list for PBXNativeTarget "TOPFans" */;
			buildPhases = (
				16FFB202154F18AF00C4B988 /* Sources */,
				16FFB203154F18AF00C4B988 /* Frameworks */,
				16FFB204154F18AF00C4B988 /* Resources */,
			);
			buildRules = (
			);
			dependencies = (
			);
			name = TOPFans;
			productName = BNBFeicobol2;
			productReference = 16FFB206154F18AF00C4B988 /* TOPFans.app */;
			productType = "com.apple.product-type.application";
		};
/* End PBXNativeTarget section */

/* Begin PBXProject section */
		16FFB1FD154F18AF00C4B988 /* Project object */ = {
			isa = PBXProject;
			attributes = {
				LastUpgradeCheck = 0420;
			};
			buildConfigurationList = 16FFB200154F18AF00C4B988 /* Build configuration list for PBXProject "TOPFans" */;
			compatibilityVersion = "Xcode 3.2";
			developmentRegion = English;
			hasScannedForEncodings = 0;
			knownRegions = (
				en,
			);
			mainGroup = 16FFB1FB154F18AF00C4B988;
			productRefGroup = 16FFB207154F18AF00C4B988 /* Products */;
			projectDirPath = "";
			projectRoot = "";
			targets = (
				16FFB205154F18AF00C4B988 /* TOPFans */,
			);
		};
/* End PBXProject section */

/* Begin PBXResourcesBuildPhase section */
		16FFB204154F18AF00C4B988 /* Resources */ = {
			isa = PBXResourcesBuildPhase;
			buildActionMask = 2147483647;
			files = (
				16FFB424154F1A7700C4B988 /* background.png in Resources */,
				16FFB4DD154F1B6300C4B988 /* correct_card.caf in Resources */,
				16FFB4DE154F1B6300C4B988 /* looser.caf in Resources */,
				16FFB4E4154F1BEE00C4B988 /* MainWindow.xib in Resources */,
				16FFB4E6154F1BEE00C4B988 /* StatisticsDialog.xib in Resources */,
				16FFB4E8154F1BEE00C4B988 /* WinDialog.xib in Resources */,
				16FFB4DF154F1B6300C4B988 /* winner.caf in Resources */,
				16FFB4E0154F1B6300C4B988 /* wrong_card.caf in Resources */,
				16FFB4DA154F1B3200C4B988 /* config_other.plist in Resources */,
				16FFB4DB154F1B3200C4B988 /* slot_map.plist in Resources */,
				16FFB4DC154F1B3200C4B988 /* Settings.bundle in Resources */,
				B32CAC93160B550100EBD047 /* FBConnect.bundle in Resources */,
				B32CAC94160B550100EBD047 /* FBDialog.bundle in Resources */,
			);
			runOnlyForDeploymentPostprocessing = 0;
		};
/* End PBXResourcesBuildPhase section */

/* Begin PBXSourcesBuildPhase section */
		16FFB202154F18AF00C4B988 /* Sources */ = {
			isa = PBXSourcesBuildPhase;
			buildActionMask = 2147483647;
			files = (
				16FFB256154F18E100C4B988 /* StatisticsDialogController.m in Sources */,
				16FFB258154F18E100C4B988 /* WinDialogController.m in Sources */,
				16FFB25A154F18E100C4B988 /* Logic.m in Sources */,
				16FFB25B154F18E100C4B988 /* Usage.m in Sources */,
				16FFB25C154F18E100C4B988 /* main.m in Sources */,
				16FFB25D154F18E100C4B988 /* FacebookService.m in Sources */,
				16FFB25E154F18E100C4B988 /* SoundsService.m in Sources */,
				16FFB25F154F18E100C4B988 /* StatisticsDataService.m in Sources */,
				16FFB41B154F196400C4B988 /* Facebook.m in Sources */,
				16FFB41C154F196400C4B988 /* FBDialog.m in Sources */,
				16FFB41D154F196400C4B988 /* FBLoginButton.m in Sources */,
				16FFB41E154F196400C4B988 /* FBLoginDialog.m in Sources */,
				16FFB41F154F196400C4B988 /* FBRequest.m in Sources */,
				B32CAC90160B54DE00EBD047 /* FBLikeButton.m in Sources */,
				B3EA9A5E160B6B0500806B29 /* NSObject+SBJSON.m in Sources */,
				B3EA9A5F160B6B0500806B29 /* NSString+SBJSON.m in Sources */,
				B3EA9A60160B6B0500806B29 /* SBJSON.m in Sources */,
				B3EA9A61160B6B0500806B29 /* SBJsonBase.m in Sources */,
				B3EA9A62160B6B0500806B29 /* SBJsonParser.m in Sources */,
				B3EA9A63160B6B0500806B29 /* SBJsonWriter.m in Sources */,
				B3BA098A160B6C49002DA200 /* TOPFansAppDelegate.m in Sources */,
			);
			runOnlyForDeploymentPostprocessing = 0;
		};
/* End PBXSourcesBuildPhase section */

/* Begin XCBuildConfiguration section */
		16FFB21C154F18AF00C4B988 /* Debug */ = {
			isa = XCBuildConfiguration;
			buildSettings = {
				ALWAYS_SEARCH_USER_PATHS = NO;
				ARCHS = "$(ARCHS_STANDARD_32_BIT)";
				CODE_SIGN_IDENTITY = "iPhone Distribution: Gianfranco  Gipponi/";
				"CODE_SIGN_IDENTITY[sdk=iphoneos*]" = "iPhone Distribution: Gianfranco  Gipponi/";
				COPY_PHASE_STRIP = NO;
				GCC_C_LANGUAGE_STANDARD = gnu99;
				GCC_DYNAMIC_NO_PIC = NO;
				GCC_OPTIMIZATION_LEVEL = 0;
				GCC_PREPROCESSOR_DEFINITIONS = (
					"DEBUG=1",
					"$(inherited)",
				);
				GCC_SYMBOLS_PRIVATE_EXTERN = NO;
				GCC_VERSION = com.apple.compilers.llvm.clang.1_0;
				GCC_WARN_ABOUT_MISSING_PROTOTYPES = YES;
				GCC_WARN_ABOUT_RETURN_TYPE = YES;
				GCC_WARN_UNUSED_VARIABLE = YES;
				IPHONEOS_DEPLOYMENT_TARGET = 4.2;
				PROVISIONING_PROFILE = "8D190A9E-6BEB-4C74-BD49-EDC4D2FAF4B4";
				"PROVISIONING_PROFILE[sdk=iphoneos*]" = "8D190A9E-6BEB-4C74-BD49-EDC4D2FAF4B4";
				SDKROOT = iphoneos;
				TARGETED_DEVICE_FAMILY = 2;
			};
			name = Debug;
		};
		16FFB21D154F18AF00C4B988 /* Release */ = {
			isa = XCBuildConfiguration;
			buildSettings = {
				ALWAYS_SEARCH_USER_PATHS = NO;
				ARCHS = "$(ARCHS_STANDARD_32_BIT)";
				CODE_SIGN_IDENTITY = "iPhone Distribution: Gianfranco  Gipponi/";
				"CODE_SIGN_IDENTITY[sdk=iphoneos*]" = "iPhone Distribution: Gianfranco  Gipponi/";
				COPY_PHASE_STRIP = YES;
				GCC_C_LANGUAGE_STANDARD = gnu99;
				GCC_VERSION = com.apple.compilers.llvm.clang.1_0;
				GCC_WARN_ABOUT_MISSING_PROTOTYPES = YES;
				GCC_WARN_ABOUT_RETURN_TYPE = YES;
				GCC_WARN_UNUSED_VARIABLE = YES;
				IPHONEOS_DEPLOYMENT_TARGET = 4.2;
				OTHER_CFLAGS = "-DNS_BLOCK_ASSERTIONS=1";
				PROVISIONING_PROFILE = "8D190A9E-6BEB-4C74-BD49-EDC4D2FAF4B4";
				"PROVISIONING_PROFILE[sdk=iphoneos*]" = "8D190A9E-6BEB-4C74-BD49-EDC4D2FAF4B4";
				SDKROOT = iphoneos;
				TARGETED_DEVICE_FAMILY = 2;
				VALIDATE_PRODUCT = YES;
			};
			name = Release;
		};
		16FFB21F154F18AF00C4B988 /* Debug */ = {
			isa = XCBuildConfiguration;
			buildSettings = {
				CODE_SIGN_IDENTITY = "iPhone Distribution: Gianfranco  Gipponi/";
				"CODE_SIGN_IDENTITY[sdk=iphoneos*]" = "iPhone Distribution: Gianfranco  Gipponi/";
				GCC_PRECOMPILE_PREFIX_HEADER = YES;
				GCC_PREFIX_HEADER = TOPFans_Prefix.pch;
				INFOPLIST_FILE = "PLists/TOPFans-Info.plist";
				IPHONEOS_DEPLOYMENT_TARGET = 4.2;
				PRODUCT_NAME = "$(TARGET_NAME)";
				PROVISIONING_PROFILE = "8D190A9E-6BEB-4C74-BD49-EDC4D2FAF4B4";
				"PROVISIONING_PROFILE[sdk=iphoneos*]" = "8D190A9E-6BEB-4C74-BD49-EDC4D2FAF4B4";
				WRAPPER_EXTENSION = app;
			};
			name = Debug;
		};
		16FFB220154F18AF00C4B988 /* Release */ = {
			isa = XCBuildConfiguration;
			buildSettings = {
				CODE_SIGN_IDENTITY = "iPhone Distribution: Gianfranco  Gipponi/";
				"CODE_SIGN_IDENTITY[sdk=iphoneos*]" = "iPhone Distribution: Gianfranco  Gipponi/";
				GCC_PRECOMPILE_PREFIX_HEADER = YES;
				GCC_PREFIX_HEADER = TOPFans_Prefix.pch;
				INFOPLIST_FILE = "PLists/TOPFans-Info.plist";
				IPHONEOS_DEPLOYMENT_TARGET = 4.2;
				PRODUCT_NAME = "$(TARGET_NAME)";
				PROVISIONING_PROFILE = "8D190A9E-6BEB-4C74-BD49-EDC4D2FAF4B4";
				"PROVISIONING_PROFILE[sdk=iphoneos*]" = "8D190A9E-6BEB-4C74-BD49-EDC4D2FAF4B4";
				WRAPPER_EXTENSION = app;
			};
			name = Release;
		};
/* End XCBuildConfiguration section */

/* Begin XCConfigurationList section */
		16FFB200154F18AF00C4B988 /* Build configuration list for PBXProject "TOPFans" */ = {
			isa = XCConfigurationList;
			buildConfigurations = (
				16FFB21C154F18AF00C4B988 /* Debug */,
				16FFB21D154F18AF00C4B988 /* Release */,
			);
			defaultConfigurationIsVisible = 0;
			defaultConfigurationName = Release;
		};
		16FFB21E154F18AF00C4B988 /* Build configuration list for PBXNativeTarget "TOPFans" */ = {
			isa = XCConfigurationList;
			buildConfigurations = (
				16FFB21F154F18AF00C4B988 /* Debug */,
				16FFB220154F18AF00C4B988 /* Release */,
			);
			defaultConfigurationIsVisible = 0;
			defaultConfigurationName = Release;
		};
/* End XCConfigurationList section */
	};
	rootObject = 16FFB1FD154F18AF00C4B988 /* Project object */;
}
